
Microsoft Visual Studio Solution File, Format Version 12.00
# Visual Studio 15
VisualStudioVersion = 15.0.26124.0
MinimumVisualStudioVersion = 15.0.26124.0
Project("{FAE04EC0-301F-11D3-BF4B-00C04F79EFBC}") = "GameTop", "GameTop\GameTop.csproj", "{63F64482-A0D2-4D55-80AA-045C11D32E54}"
EndProject
Project("{FAE04EC0-301F-11D3-BF4B-00C04F79EFBC}") = "GameTop.Lib", "GameTop.Lib\GameTop.Lib.csproj", "{C2AC1502-CB82-4D1B-8F2E-4A3C8F18A555}"
EndProject
Project("{FAE04EC0-301F-11D3-BF4B-00C04F79EFBC}") = "GameTop.Interface", "GameTop.Interface\GameTop.Interface.csproj", "{B4AC3EF1-5BCC-4687-B148-E989C133BAD9}"
EndProject
Global
	GlobalSection(SolutionConfigurationPlatforms) = preSolution
		Debug|Any CPU = Debug|Any CPU
		Debug|x64 = Debug|x64
		Debug|x86 = Debug|x86
		Release|Any CPU = Release|Any CPU
		Release|x64 = Release|x64
		Release|x86 = Release|x86
	EndGlobalSection
	GlobalSection(SolutionProperties) = preSolution
		HideSolutionNode = FALSE
	EndGlobalSection
	GlobalSection(ProjectConfigurationPlatforms) = postSolution
		{63F64482-A0D2-4D55-80AA-045C11D32E54}.Debug|Any CPU.ActiveCfg = Debug|Any CPU
		{63F64482-A0D2-4D55-80AA-045C11D32E54}.Debug|Any CPU.Build.0 = Debug|Any CPU
		{63F64482-A0D2-4D55-80AA-045C11D32E54}.Debug|x64.ActiveCfg = Debug|Any CPU
		{63F64482-A0D2-4D55-80AA-045C11D32E54}.Debug|x64.Build.0 = Debug|Any CPU
		{63F64482-A0D2-4D55-80AA-045C11D32E54}.Debug|x86.ActiveCfg = Debug|Any CPU
		{63F64482-A0D2-4D55-80AA-045C11D32E54}.Debug|x86.Build.0 = Debug|Any CPU
		{63F64482-A0D2-4D55-80AA-045C11D32E54}.Release|Any CPU.ActiveCfg = Release|Any CPU
		{63F64482-A0D2-4D55-80AA-045C11D32E54}.Release|Any CPU.Build.0 = Release|Any CPU
		{63F64482-A0D2-4D55-80AA-045C11D32E54}.Release|x64.ActiveCfg = Release|Any CPU
		{63F64482-A0D2-4D55-80AA-045C11D32E54}.Release|x64.Build.0 = Release|Any CPU
		{63F64482-A0D2-4D55-80AA-045C11D32E54}.Release|x86.ActiveCfg = Release|Any CPU
		{63F64482-A0D2-4D55-80AA-045C11D32E54}.Release|x86.Build.0 = Release|Any CPU
		{C2AC1502-CB82-4D1B-8F2E-4A3C8F18A555}.Debug|Any CPU.ActiveCfg = Debug|Any CPU
		{C2AC1502-CB82-4D1B-8F2E-4A3C8F18A555}.Debug|Any CPU.Build.0 = Debug|Any CPU
		{C2AC1502-CB82-4D1B-8F2E-4A3C8F18A555}.Debug|x64.ActiveCfg = Debug|Any CPU
		{C2AC1502-CB82-4D1B-8F2E-4A3C8F18A555}.Debug|x64.Build.0 = Debug|Any CPU
		{C2AC1502-CB82-4D1B-8F2E-4A3C8F18A555}.Debug|x86.ActiveCfg = Debug|Any CPU
		{C2AC1502-CB82-4D1B-8F2E-4A3C8F18A555}.Debug|x86.Build.0 = Debug|Any CPU
		{C2AC1502-CB82-4D1B-8F2E-4A3C8F18A555}.Release|Any CPU.ActiveCfg = Release|Any CPU
		{C2AC1502-CB82-4D1B-8F2E-4A3C8F18A555}.Release|Any CPU.Build.0 = Release|Any CPU
		{C2AC1502-CB82-4D1B-8F2E-4A3C8F18A555}.Release|x64.ActiveCfg = Release|Any CPU
		{C2AC1502-CB82-4D1B-8F2E-4A3C8F18A555}.Release|x64.Build.0 = Release|Any CPU
		{C2AC1502-CB82-4D1B-8F2E-4A3C8F18A555}.Release|x86.ActiveCfg = Release|Any CPU
		{C2AC1502-CB82-4D1B-8F2E-4A3C8F18A555}.Release|x86.Build.0 = Release|Any CPU
		{B4AC3EF1-5BCC-4687-B148-E989C133BAD9}.Debug|Any CPU.ActiveCfg = Debug|Any CPU
		{B4AC3EF1-5BCC-4687-B148-E989C133BAD9}.Debug|Any CPU.Build.0 = Debug|Any CPU
		{B4AC3EF1-5BCC-4687-B148-E989C133BAD9}.Debug|x64.ActiveCfg = Debug|Any CPU
		{B4AC3EF1-5BCC-4687-B148-E989C133BAD9}.Debug|x64.Build.0 = Debug|Any CPU
		{B4AC3EF1-5BCC-4687-B148-E989C133BAD9}.Debug|x86.ActiveCfg = Debug|Any CPU
		{B4AC3EF1-5BCC-4687-B148-E989C133BAD9}.Debug|x86.Build.0 = Debug|Any CPU
		{B4AC3EF1-5BCC-4687-B148-E989C133BAD9}.Release|Any CPU.ActiveCfg = Release|Any CPU
		{B4AC3EF1-5BCC-4687-B148-E989C133BAD9}.Release|Any CPU.Build.0 = Release|Any CPU
		{B4AC3EF1-5BCC-4687-B148-E989C133BAD9}.Release|x64.ActiveCfg = Release|Any CPU
		{B4AC3EF1-5BCC-4687-B148-E989C133BAD9}.Release|x64.Build.0 = Release|Any CPU
		{B4AC3EF1-5BCC-4687-B148-E989C133BAD9}.Release|x86.ActiveCfg = Release|Any CPU
		{B4AC3EF1-5BCC-4687-B148-E989C133BAD9}.Release|x86.Build.0 = Release|Any CPU
	EndGlobalSection
EndGlobal
